
Microsoft Visual Studio Solution File, Format Version 12.00
# Visual Studio 15
VisualStudioVersion = 15.0.28010.2050
MinimumVisualStudioVersion = 10.0.40219.1
Project("{FAE04EC0-301F-11D3-BF4B-00C04F79EFBC}") = "CapaEntidad", "CapaEntidad\CapaEntidad.csproj", "{AB407C9B-B081-43C2-8E83-1316D8ABEE1D}"
EndProject
Project("{FAE04EC0-301F-11D3-BF4B-00C04F79EFBC}") = "CapaDato", "CapaDato\CapaDato.csproj", "{068090E8-6EA7-49F2-B051-3BE7C89AD86B}"
EndProject
Project("{FAE04EC0-301F-11D3-BF4B-00C04F79EFBC}") = "CapaNegocio", "CapaNegocio\CapaNegocio.csproj", "{41590E94-C3C2-497F-8157-EBEA4B7F1808}"
EndProject
Project("{FAE04EC0-301F-11D3-BF4B-00C04F79EFBC}") = "CapaVista", "CapaVista\CapaVista.csproj", "{109021BA-F997-48D3-BB51-BAE263965AAD}"
EndProject
Global
	GlobalSection(SolutionConfigurationPlatforms) = preSolution
		Debug|Any CPU = Debug|Any CPU
		Release|Any CPU = Release|Any CPU
	EndGlobalSection
	GlobalSection(ProjectConfigurationPlatforms) = postSolution
		{AB407C9B-B081-43C2-8E83-1316D8ABEE1D}.Debug|Any CPU.ActiveCfg = Debug|Any CPU
		{AB407C9B-B081-43C2-8E83-1316D8ABEE1D}.Debug|Any CPU.Build.0 = Debug|Any CPU
		{AB407C9B-B081-43C2-8E83-1316D8ABEE1D}.Release|Any CPU.ActiveCfg = Release|Any CPU
		{AB407C9B-B081-43C2-8E83-1316D8ABEE1D}.Release|Any CPU.Build.0 = Release|Any CPU
		{068090E8-6EA7-49F2-B051-3BE7C89AD86B}.Debug|Any CPU.ActiveCfg = Debug|Any CPU
		{068090E8-6EA7-49F2-B051-3BE7C89AD86B}.Debug|Any CPU.Build.0 = Debug|Any CPU
		{068090E8-6EA7-49F2-B051-3BE7C89AD86B}.Release|Any CPU.ActiveCfg = Release|Any CPU
		{068090E8-6EA7-49F2-B051-3BE7C89AD86B}.Release|Any CPU.Build.0 = Release|Any CPU
		{41590E94-C3C2-497F-8157-EBEA4B7F1808}.Debug|Any CPU.ActiveCfg = Debug|Any CPU
		{41590E94-C3C2-497F-8157-EBEA4B7F1808}.Debug|Any CPU.Build.0 = Debug|Any CPU
		{41590E94-C3C2-497F-8157-EBEA4B7F1808}.Release|Any CPU.ActiveCfg = Release|Any CPU
		{41590E94-C3C2-497F-8157-EBEA4B7F1808}.Release|Any CPU.Build.0 = Release|Any CPU
		{109021BA-F997-48D3-BB51-BAE263965AAD}.Debug|Any CPU.ActiveCfg = Debug|Any CPU
		{109021BA-F997-48D3-BB51-BAE263965AAD}.Debug|Any CPU.Build.0 = Debug|Any CPU
		{109021BA-F997-48D3-BB51-BAE263965AAD}.Release|Any CPU.ActiveCfg = Release|Any CPU
		{109021BA-F997-48D3-BB51-BAE263965AAD}.Release|Any CPU.Build.0 = Release|Any CPU
	EndGlobalSection
	GlobalSection(SolutionProperties) = preSolution
		HideSolutionNode = FALSE
	EndGlobalSection
	GlobalSection(ExtensibilityGlobals) = postSolution
		SolutionGuid = {8CDB18E5-89E0-44BF-9A23-A760CE30A040}
	EndGlobalSection
EndGlobal
